
Microsoft Visual Studio Solution File, Format Version 12.00
# Visual Studio 15
VisualStudioVersion = 15.0.26510.0
MinimumVisualStudioVersion = 10.0.40219.1
Project("{FAE04EC0-301F-11D3-BF4B-00C04F79EFBC}") = "Riganti.Utils.Testing.Selenium.Core.Samples", "Riganti.Utils.Testing.Selenium.Core.Samples\Riganti.Utils.Testing.Selenium.Core.Samples.csproj", "{A15FCC63-4D2C-4E82-828A-0747B6416134}"
EndProject
Project("{FAE04EC0-301F-11D3-BF4B-00C04F79EFBC}") = "Riganti.Utils.Testing.Selenium.BrowserStack", "Riganti.Utils.Testing.Selenium.BrowserStack\Riganti.Utils.Testing.Selenium.BrowserStack.csproj", "{9C6F0DA6-9D12-4906-BA67-FFF857570632}"
EndProject
Project("{FAE04EC0-301F-11D3-BF4B-00C04F79EFBC}") = "Riganti.Utils.Testing.Selenium.Core.UnitTests", "Riganti.Utils.Testing.Selenium.Core.UnitTests\Selenium.Core.UnitTests.csproj", "{637F084C-9318-4EA9-BAB5-69D0A196C469}"
EndProject
Project("{FAE04EC0-301F-11D3-BF4B-00C04F79EFBC}") = "Riganti.Utils.Testing.Selenium.DotVVM.Samples", "Riganti.Utils.Testing.Selenium.DotVVM.Samples\Selenium.DotVVM.Samples.csproj", "{1C7A9914-8CDC-4075-9422-37BD0E51C076}"
EndProject
Project("{FAE04EC0-301F-11D3-BF4B-00C04F79EFBC}") = "Riganti.Utils.Testing.Selenium.DotVVM.Samples.Tests", "Riganti.Utils.Testing.Selenium.DotVVM.Samples.Tests\Riganti.Utils.Testing.Selenium.DotVVM.Samples.Tests.csproj", "{8F7A33A7-E746-42CC-B2E6-10FE0A26E643}"
EndProject
Project("{9A19103F-16F7-4668-BE54-9A1E7A4F7556}") = "Riganti.Utils.Testing.Selenium.Core", "Riganti.Utils.Testing.Selenium.Core\Riganti.Utils.Testing.Selenium.Core.csproj", "{B4467232-B573-461E-AF44-4B195120F2C8}"
EndProject
Project("{9A19103F-16F7-4668-BE54-9A1E7A4F7556}") = "Riganti.Utils.Testing.Selenium.MSTest2Integration", "Riganti.Utils.Testing.Selenium.MSTest2Integration\Riganti.Utils.Testing.Selenium.MSTest2Integration.csproj", "{421F5B2A-AEDD-41F0-81B6-D6603B574C0E}"
EndProject
Project("{9A19103F-16F7-4668-BE54-9A1E7A4F7556}") = "Riganti.Utils.Testing.Selenium.Core.Samples.Tests", "Riganti.Utils.Testing.Selenium.Core.Samples.Tests\Riganti.Utils.Testing.Selenium.Core.Samples.Tests.csproj", "{D31B7A50-9AFD-43ED-9520-43D51DCF07B4}"
EndProject
Project("{9A19103F-16F7-4668-BE54-9A1E7A4F7556}") = "Riganti.Utils.Testing.Selenium.DotVVM", "Riganti.Utils.Testing.Selenium.DotVVM.MSTest2\Riganti.Utils.Testing.Selenium.DotVVM.csproj", "{359F976A-6222-4CD7-BE4B-DE33C0E46ADC}"
EndProject
Project("{2150E333-8FDC-42A3-9474-1A3956D46DE8}") = "Samples", "Samples", "{08822873-F53A-4CBD-8A9E-D62ED6B3A614}"
EndProject
Project("{2150E333-8FDC-42A3-9474-1A3956D46DE8}") = "Core", "Core", "{E83BB596-BF2A-4FE2-9843-E5649B561293}"
EndProject
Project("{2150E333-8FDC-42A3-9474-1A3956D46DE8}") = "Tests", "Tests", "{693F6CF7-F573-4ACA-84E6-E90BBBA0A3C1}"
EndProject
Project("{FAE04EC0-301F-11D3-BF4B-00C04F79EFBC}") = "Riganti.Utils.Testing.Selenium.MSTestIntegration", "Riganti.Utils.Testing.Selenium.MSTestIntegration\Riganti.Utils.Testing.Selenium.MSTestIntegration.csproj", "{7DB45AE2-D09E-4EA2-B691-4161485A32DC}"
EndProject
Global
	GlobalSection(SolutionConfigurationPlatforms) = preSolution
		CI|Any CPU = CI|Any CPU
		CI2|Any CPU = CI2|Any CPU
		Debug|Any CPU = Debug|Any CPU
		Release|Any CPU = Release|Any CPU
	EndGlobalSection
	GlobalSection(ProjectConfigurationPlatforms) = postSolution
		{A15FCC63-4D2C-4E82-828A-0747B6416134}.CI|Any CPU.ActiveCfg = CI|Any CPU
		{A15FCC63-4D2C-4E82-828A-0747B6416134}.CI|Any CPU.Build.0 = CI|Any CPU
		{A15FCC63-4D2C-4E82-828A-0747B6416134}.CI2|Any CPU.ActiveCfg = CI2|Any CPU
		{A15FCC63-4D2C-4E82-828A-0747B6416134}.CI2|Any CPU.Build.0 = CI2|Any CPU
		{A15FCC63-4D2C-4E82-828A-0747B6416134}.Debug|Any CPU.ActiveCfg = Debug|Any CPU
		{A15FCC63-4D2C-4E82-828A-0747B6416134}.Debug|Any CPU.Build.0 = Debug|Any CPU
		{A15FCC63-4D2C-4E82-828A-0747B6416134}.Release|Any CPU.ActiveCfg = Release|Any CPU
		{A15FCC63-4D2C-4E82-828A-0747B6416134}.Release|Any CPU.Build.0 = Release|Any CPU
		{9C6F0DA6-9D12-4906-BA67-FFF857570632}.CI|Any CPU.ActiveCfg = CI|Any CPU
		{9C6F0DA6-9D12-4906-BA67-FFF857570632}.CI|Any CPU.Build.0 = CI|Any CPU
		{9C6F0DA6-9D12-4906-BA67-FFF857570632}.CI2|Any CPU.ActiveCfg = CI2|Any CPU
		{9C6F0DA6-9D12-4906-BA67-FFF857570632}.CI2|Any CPU.Build.0 = CI2|Any CPU
		{9C6F0DA6-9D12-4906-BA67-FFF857570632}.Debug|Any CPU.ActiveCfg = Debug|Any CPU
		{9C6F0DA6-9D12-4906-BA67-FFF857570632}.Debug|Any CPU.Build.0 = Debug|Any CPU
		{9C6F0DA6-9D12-4906-BA67-FFF857570632}.Release|Any CPU.ActiveCfg = Release|Any CPU
		{9C6F0DA6-9D12-4906-BA67-FFF857570632}.Release|Any CPU.Build.0 = Release|Any CPU
		{637F084C-9318-4EA9-BAB5-69D0A196C469}.CI|Any CPU.ActiveCfg = CI|Any CPU
		{637F084C-9318-4EA9-BAB5-69D0A196C469}.CI|Any CPU.Build.0 = CI|Any CPU
		{637F084C-9318-4EA9-BAB5-69D0A196C469}.CI2|Any CPU.ActiveCfg = CI2|Any CPU
		{637F084C-9318-4EA9-BAB5-69D0A196C469}.CI2|Any CPU.Build.0 = CI2|Any CPU
		{637F084C-9318-4EA9-BAB5-69D0A196C469}.Debug|Any CPU.ActiveCfg = Debug|Any CPU
		{637F084C-9318-4EA9-BAB5-69D0A196C469}.Debug|Any CPU.Build.0 = Debug|Any CPU
		{637F084C-9318-4EA9-BAB5-69D0A196C469}.Release|Any CPU.ActiveCfg = Release|Any CPU
		{637F084C-9318-4EA9-BAB5-69D0A196C469}.Release|Any CPU.Build.0 = Release|Any CPU
		{1C7A9914-8CDC-4075-9422-37BD0E51C076}.CI|Any CPU.ActiveCfg = CI|Any CPU
		{1C7A9914-8CDC-4075-9422-37BD0E51C076}.CI|Any CPU.Build.0 = CI|Any CPU
		{1C7A9914-8CDC-4075-9422-37BD0E51C076}.CI2|Any CPU.ActiveCfg = CI2|Any CPU
		{1C7A9914-8CDC-4075-9422-37BD0E51C076}.CI2|Any CPU.Build.0 = CI2|Any CPU
		{1C7A9914-8CDC-4075-9422-37BD0E51C076}.Debug|Any CPU.ActiveCfg = Debug|Any CPU
		{1C7A9914-8CDC-4075-9422-37BD0E51C076}.Debug|Any CPU.Build.0 = Debug|Any CPU
		{1C7A9914-8CDC-4075-9422-37BD0E51C076}.Release|Any CPU.ActiveCfg = Release|Any CPU
		{1C7A9914-8CDC-4075-9422-37BD0E51C076}.Release|Any CPU.Build.0 = Release|Any CPU
		{8F7A33A7-E746-42CC-B2E6-10FE0A26E643}.CI|Any CPU.ActiveCfg = CI|Any CPU
		{8F7A33A7-E746-42CC-B2E6-10FE0A26E643}.CI|Any CPU.Build.0 = CI|Any CPU
		{8F7A33A7-E746-42CC-B2E6-10FE0A26E643}.CI2|Any CPU.ActiveCfg = CI2|Any CPU
		{8F7A33A7-E746-42CC-B2E6-10FE0A26E643}.CI2|Any CPU.Build.0 = CI2|Any CPU
		{8F7A33A7-E746-42CC-B2E6-10FE0A26E643}.Debug|Any CPU.ActiveCfg = Debug|Any CPU
		{8F7A33A7-E746-42CC-B2E6-10FE0A26E643}.Debug|Any CPU.Build.0 = Debug|Any CPU
		{8F7A33A7-E746-42CC-B2E6-10FE0A26E643}.Release|Any CPU.ActiveCfg = Release|Any CPU
		{8F7A33A7-E746-42CC-B2E6-10FE0A26E643}.Release|Any CPU.Build.0 = Release|Any CPU
		{B4467232-B573-461E-AF44-4B195120F2C8}.CI|Any CPU.ActiveCfg = Debug|Any CPU
		{B4467232-B573-461E-AF44-4B195120F2C8}.CI|Any CPU.Build.0 = Debug|Any CPU
		{B4467232-B573-461E-AF44-4B195120F2C8}.CI2|Any CPU.ActiveCfg = Debug|Any CPU
		{B4467232-B573-461E-AF44-4B195120F2C8}.CI2|Any CPU.Build.0 = Debug|Any CPU
		{B4467232-B573-461E-AF44-4B195120F2C8}.Debug|Any CPU.ActiveCfg = Debug|Any CPU
		{B4467232-B573-461E-AF44-4B195120F2C8}.Debug|Any CPU.Build.0 = Debug|Any CPU
		{B4467232-B573-461E-AF44-4B195120F2C8}.Release|Any CPU.ActiveCfg = Release|Any CPU
		{B4467232-B573-461E-AF44-4B195120F2C8}.Release|Any CPU.Build.0 = Release|Any CPU
		{D46D725A-215E-422B-B8A1-B0D5D2A6CD39}.CI|Any CPU.ActiveCfg = Debug|Any CPU
		{D46D725A-215E-422B-B8A1-B0D5D2A6CD39}.CI|Any CPU.Build.0 = Debug|Any CPU
		{D46D725A-215E-422B-B8A1-B0D5D2A6CD39}.CI2|Any CPU.ActiveCfg = Debug|Any CPU
		{D46D725A-215E-422B-B8A1-B0D5D2A6CD39}.CI2|Any CPU.Build.0 = Debug|Any CPU
		{D46D725A-215E-422B-B8A1-B0D5D2A6CD39}.Debug|Any CPU.ActiveCfg = Debug|Any CPU
		{D46D725A-215E-422B-B8A1-B0D5D2A6CD39}.Debug|Any CPU.Build.0 = Debug|Any CPU
		{D46D725A-215E-422B-B8A1-B0D5D2A6CD39}.Release|Any CPU.ActiveCfg = Release|Any CPU
		{D46D725A-215E-422B-B8A1-B0D5D2A6CD39}.Release|Any CPU.Build.0 = Release|Any CPU
		{421F5B2A-AEDD-41F0-81B6-D6603B574C0E}.CI|Any CPU.ActiveCfg = Debug|Any CPU
		{421F5B2A-AEDD-41F0-81B6-D6603B574C0E}.CI|Any CPU.Build.0 = Debug|Any CPU
		{421F5B2A-AEDD-41F0-81B6-D6603B574C0E}.CI2|Any CPU.ActiveCfg = Debug|Any CPU
		{421F5B2A-AEDD-41F0-81B6-D6603B574C0E}.CI2|Any CPU.Build.0 = Debug|Any CPU
		{421F5B2A-AEDD-41F0-81B6-D6603B574C0E}.Debug|Any CPU.ActiveCfg = Debug|Any CPU
		{421F5B2A-AEDD-41F0-81B6-D6603B574C0E}.Debug|Any CPU.Build.0 = Debug|Any CPU
		{421F5B2A-AEDD-41F0-81B6-D6603B574C0E}.Release|Any CPU.ActiveCfg = Release|Any CPU
		{421F5B2A-AEDD-41F0-81B6-D6603B574C0E}.Release|Any CPU.Build.0 = Release|Any CPU
		{D31B7A50-9AFD-43ED-9520-43D51DCF07B4}.CI|Any CPU.ActiveCfg = Debug|Any CPU
		{D31B7A50-9AFD-43ED-9520-43D51DCF07B4}.CI|Any CPU.Build.0 = Debug|Any CPU
		{D31B7A50-9AFD-43ED-9520-43D51DCF07B4}.CI2|Any CPU.ActiveCfg = Debug|Any CPU
		{D31B7A50-9AFD-43ED-9520-43D51DCF07B4}.CI2|Any CPU.Build.0 = Debug|Any CPU
		{D31B7A50-9AFD-43ED-9520-43D51DCF07B4}.Debug|Any CPU.ActiveCfg = Debug|Any CPU
		{D31B7A50-9AFD-43ED-9520-43D51DCF07B4}.Debug|Any CPU.Build.0 = Debug|Any CPU
		{D31B7A50-9AFD-43ED-9520-43D51DCF07B4}.Release|Any CPU.ActiveCfg = Release|Any CPU
		{D31B7A50-9AFD-43ED-9520-43D51DCF07B4}.Release|Any CPU.Build.0 = Release|Any CPU
		{359F976A-6222-4CD7-BE4B-DE33C0E46ADC}.CI|Any CPU.ActiveCfg = Debug|Any CPU
		{359F976A-6222-4CD7-BE4B-DE33C0E46ADC}.CI|Any CPU.Build.0 = Debug|Any CPU
		{359F976A-6222-4CD7-BE4B-DE33C0E46ADC}.CI2|Any CPU.ActiveCfg = Debug|Any CPU
		{359F976A-6222-4CD7-BE4B-DE33C0E46ADC}.CI2|Any CPU.Build.0 = Debug|Any CPU
		{359F976A-6222-4CD7-BE4B-DE33C0E46ADC}.Debug|Any CPU.ActiveCfg = Debug|Any CPU
		{359F976A-6222-4CD7-BE4B-DE33C0E46ADC}.Debug|Any CPU.Build.0 = Debug|Any CPU
		{359F976A-6222-4CD7-BE4B-DE33C0E46ADC}.Release|Any CPU.ActiveCfg = Release|Any CPU
		{359F976A-6222-4CD7-BE4B-DE33C0E46ADC}.Release|Any CPU.Build.0 = Release|Any CPU
		{7DB45AE2-D09E-4EA2-B691-4161485A32DC}.CI|Any CPU.ActiveCfg = Release|Any CPU
		{7DB45AE2-D09E-4EA2-B691-4161485A32DC}.CI|Any CPU.Build.0 = Release|Any CPU
		{7DB45AE2-D09E-4EA2-B691-4161485A32DC}.CI2|Any CPU.ActiveCfg = Release|Any CPU
		{7DB45AE2-D09E-4EA2-B691-4161485A32DC}.CI2|Any CPU.Build.0 = Release|Any CPU
		{7DB45AE2-D09E-4EA2-B691-4161485A32DC}.Debug|Any CPU.ActiveCfg = Debug|Any CPU
		{7DB45AE2-D09E-4EA2-B691-4161485A32DC}.Debug|Any CPU.Build.0 = Debug|Any CPU
		{7DB45AE2-D09E-4EA2-B691-4161485A32DC}.Release|Any CPU.ActiveCfg = Release|Any CPU
		{7DB45AE2-D09E-4EA2-B691-4161485A32DC}.Release|Any CPU.Build.0 = Release|Any CPU
	EndGlobalSection
	GlobalSection(SolutionProperties) = preSolution
		HideSolutionNode = FALSE
	EndGlobalSection
	GlobalSection(NestedProjects) = preSolution
		{A15FCC63-4D2C-4E82-828A-0747B6416134} = {08822873-F53A-4CBD-8A9E-D62ED6B3A614}
		{9C6F0DA6-9D12-4906-BA67-FFF857570632} = {E83BB596-BF2A-4FE2-9843-E5649B561293}
		{637F084C-9318-4EA9-BAB5-69D0A196C469} = {693F6CF7-F573-4ACA-84E6-E90BBBA0A3C1}
		{1C7A9914-8CDC-4075-9422-37BD0E51C076} = {08822873-F53A-4CBD-8A9E-D62ED6B3A614}
		{8F7A33A7-E746-42CC-B2E6-10FE0A26E643} = {693F6CF7-F573-4ACA-84E6-E90BBBA0A3C1}
		{B4467232-B573-461E-AF44-4B195120F2C8} = {E83BB596-BF2A-4FE2-9843-E5649B561293}
		{421F5B2A-AEDD-41F0-81B6-D6603B574C0E} = {E83BB596-BF2A-4FE2-9843-E5649B561293}
		{D31B7A50-9AFD-43ED-9520-43D51DCF07B4} = {693F6CF7-F573-4ACA-84E6-E90BBBA0A3C1}
		{359F976A-6222-4CD7-BE4B-DE33C0E46ADC} = {E83BB596-BF2A-4FE2-9843-E5649B561293}
		{7DB45AE2-D09E-4EA2-B691-4161485A32DC} = {E83BB596-BF2A-4FE2-9843-E5649B561293}
	EndGlobalSection
EndGlobal
